// !$*UTF8*$!
{
	archiveVersion = 1;
	classes = {
	};
	objectVersion = 46;
	objects = {

/* Begin PBXBuildFile section */
		510AB95214EE629B00483932 /* TopPlacesPhotoMapViewController.m in Sources */ = {isa = PBXBuildFile; fileRef = 510AB95114EE629B00483932 /* TopPlacesPhotoMapViewController.m */; };
		510AB95514EE7B6300483932 /* FlickrPhotoAnnotation.m in Sources */ = {isa = PBXBuildFile; fileRef = 510AB95414EE7B6300483932 /* FlickrPhotoAnnotation.m */; };
		512F5CA514DBD26F00D8A5B4 /* TopPlacesPhotoViewController.m in Sources */ = {isa = PBXBuildFile; fileRef = 512F5CA414DBD26E00D8A5B4 /* TopPlacesPhotoViewController.m */; };
		5142ED6C14E12E43003597B1 /* apollo17_earth.tiff in Resources */ = {isa = PBXBuildFile; fileRef = 5142ED6B14E12E43003597B1 /* apollo17_earth.tiff */; };
		516EF07914DA843600C1B239 /* TopPlacesPlacesTableViewController.m in Sources */ = {isa = PBXBuildFile; fileRef = 516EF07814DA843600C1B239 /* TopPlacesPlacesTableViewController.m */; };
		516EF07C14DAA3D800C1B239 /* TopPlacesPhotosTableViewController.m in Sources */ = {isa = PBXBuildFile; fileRef = 516EF07B14DAA3D800C1B239 /* TopPlacesPhotosTableViewController.m */; };
		516EF07E14DAA7EF00C1B239 /* 07-map-marker.png in Resources */ = {isa = PBXBuildFile; fileRef = 516EF07D14DAA7EF00C1B239 /* 07-map-marker.png */; };
		516EF08014DAA80C00C1B239 /* 42-photos.png in Resources */ = {isa = PBXBuildFile; fileRef = 516EF07F14DAA80C00C1B239 /* 42-photos.png */; };
		516EF08614DAC4E900C1B239 /* TopPlacesPhotosForPlaceTableViewController.m in Sources */ = {isa = PBXBuildFile; fileRef = 516EF08514DAC4E900C1B239 /* TopPlacesPhotosForPlaceTableViewController.m */; };
		51883FB314F2893400808786 /* FlickrPlaceAnnotation.m in Sources */ = {isa = PBXBuildFile; fileRef = 51883FB214F2893400808786 /* FlickrPlaceAnnotation.m */; };
		51C0A11414ED421800C8FB79 /* MapKit.framework in Frameworks */ = {isa = PBXBuildFile; fileRef = 51C0A11314ED421800C8FB79 /* MapKit.framework */; };
		51C0A11614ED422600C8FB79 /* CoreLocation.framework in Frameworks */ = {isa = PBXBuildFile; fileRef = 51C0A11514ED422600C8FB79 /* CoreLocation.framework */; };
		51C28D9114E00DD000BF7B53 /* TopPlacesPhotoGenericTabBarController.m in Sources */ = {isa = PBXBuildFile; fileRef = 51C28D9014E00DD000BF7B53 /* TopPlacesPhotoGenericTabBarController.m */; };
		51E44DB314D82DA700811C9F /* UIKit.framework in Frameworks */ = {isa = PBXBuildFile; fileRef = 51E44DB214D82DA700811C9F /* UIKit.framework */; };
		51E44DB514D82DA700811C9F /* Foundation.framework in Frameworks */ = {isa = PBXBuildFile; fileRef = 51E44DB414D82DA700811C9F /* Foundation.framework */; };
		51E44DB714D82DA700811C9F /* CoreGraphics.framework in Frameworks */ = {isa = PBXBuildFile; fileRef = 51E44DB614D82DA700811C9F /* CoreGraphics.framework */; };
		51E44DBD14D82DA700811C9F /* InfoPlist.strings in Resources */ = {isa = PBXBuildFile; fileRef = 51E44DBB14D82DA700811C9F /* InfoPlist.strings */; };
		51E44DBF14D82DA700811C9F /* main.m in Sources */ = {isa = PBXBuildFile; fileRef = 51E44DBE14D82DA700811C9F /* main.m */; };
		51E44DC314D82DA700811C9F /* TopPlacesAppDelegate.m in Sources */ = {isa = PBXBuildFile; fileRef = 51E44DC214D82DA700811C9F /* TopPlacesAppDelegate.m */; };
		51E44DC614D82DA700811C9F /* MainStoryboard_iPhone.storyboard in Resources */ = {isa = PBXBuildFile; fileRef = 51E44DC414D82DA700811C9F /* MainStoryboard_iPhone.storyboard */; };
		51E44DC914D82DA700811C9F /* MainStoryboard_iPad.storyboard in Resources */ = {isa = PBXBuildFile; fileRef = 51E44DC714D82DA700811C9F /* MainStoryboard_iPad.storyboard */; };
		51E44DD514D82DD000811C9F /* FlickrFetcher.m in Sources */ = {isa = PBXBuildFile; fileRef = 51E44DD414D82DD000811C9F /* FlickrFetcher.m */; };
		51FF3D0014EA9DB200DDA98C /* TopPlacesPhotoCache.m in Sources */ = {isa = PBXBuildFile; fileRef = 51FF3CFF14EA9DB200DDA98C /* TopPlacesPhotoCache.m */; };
/* End PBXBuildFile section */

/* Begin PBXFileReference section */
		510AB95014EE629B00483932 /* TopPlacesPhotoMapViewController.h */ = {isa = PBXFileReference; fileEncoding = 4; lastKnownFileType = sourcecode.c.h; path = TopPlacesPhotoMapViewController.h; sourceTree = "<group>"; };
		510AB95114EE629B00483932 /* TopPlacesPhotoMapViewController.m */ = {isa = PBXFileReference; fileEncoding = 4; lastKnownFileType = sourcecode.c.objc; path = TopPlacesPhotoMapViewController.m; sourceTree = "<group>"; };
		510AB95314EE7B6200483932 /* FlickrPhotoAnnotation.h */ = {isa = PBXFileReference; fileEncoding = 4; lastKnownFileType = sourcecode.c.h; path = FlickrPhotoAnnotation.h; sourceTree = "<group>"; };
		510AB95414EE7B6300483932 /* FlickrPhotoAnnotation.m */ = {isa = PBXFileReference; fileEncoding = 4; lastKnownFileType = sourcecode.c.objc; path = FlickrPhotoAnnotation.m; sourceTree = "<group>"; };
		512F5CA314DBD26E00D8A5B4 /* TopPlacesPhotoViewController.h */ = {isa = PBXFileReference; fileEncoding = 4; lastKnownFileType = sourcecode.c.h; path = TopPlacesPhotoViewController.h; sourceTree = "<group>"; };
		512F5CA414DBD26E00D8A5B4 /* TopPlacesPhotoViewController.m */ = {isa = PBXFileReference; fileEncoding = 4; lastKnownFileType = sourcecode.c.objc; path = TopPlacesPhotoViewController.m; sourceTree = "<group>"; };
		512F5CBD14DC2BF900D8A5B4 /* SplitViewBarButtonItemPresenter.h */ = {isa = PBXFileReference; fileEncoding = 4; lastKnownFileType = sourcecode.c.h; path = SplitViewBarButtonItemPresenter.h; sourceTree = "<group>"; };
		5142ED6B14E12E43003597B1 /* apollo17_earth.tiff */ = {isa = PBXFileReference; lastKnownFileType = image.tiff; path = apollo17_earth.tiff; sourceTree = "<group>"; };
		516EF07714DA843600C1B239 /* TopPlacesPlacesTableViewController.h */ = {isa = PBXFileReference; fileEncoding = 4; lastKnownFileType = sourcecode.c.h; path = TopPlacesPlacesTableViewController.h; sourceTree = "<group>"; };
		516EF07814DA843600C1B239 /* TopPlacesPlacesTableViewController.m */ = {isa = PBXFileReference; fileEncoding = 4; lastKnownFileType = sourcecode.c.objc; path = TopPlacesPlacesTableViewController.m; sourceTree = "<group>"; };
		516EF07A14DAA3D800C1B239 /* TopPlacesPhotosTableViewController.h */ = {isa = PBXFileReference; fileEncoding = 4; lastKnownFileType = sourcecode.c.h; path = TopPlacesPhotosTableViewController.h; sourceTree = "<group>"; };
		516EF07B14DAA3D800C1B239 /* TopPlacesPhotosTableViewController.m */ = {isa = PBXFileReference; fileEncoding = 4; lastKnownFileType = sourcecode.c.objc; path = TopPlacesPhotosTableViewController.m; sourceTree = "<group>"; };
		516EF07D14DAA7EF00C1B239 /* 07-map-marker.png */ = {isa = PBXFileReference; lastKnownFileType = image.png; path = "07-map-marker.png"; sourceTree = "<group>"; };
		516EF07F14DAA80C00C1B239 /* 42-photos.png */ = {isa = PBXFileReference; lastKnownFileType = image.png; path = "42-photos.png"; sourceTree = "<group>"; };
		516EF08414DAC4E900C1B239 /* TopPlacesPhotosForPlaceTableViewController.h */ = {isa = PBXFileReference; fileEncoding = 4; lastKnownFileType = sourcecode.c.h; path = TopPlacesPhotosForPlaceTableViewController.h; sourceTree = "<group>"; };
		516EF08514DAC4E900C1B239 /* TopPlacesPhotosForPlaceTableViewController.m */ = {isa = PBXFileReference; fileEncoding = 4; lastKnownFileType = sourcecode.c.objc; path = TopPlacesPhotosForPlaceTableViewController.m; sourceTree = "<group>"; };
		51883FB114F2893400808786 /* FlickrPlaceAnnotation.h */ = {isa = PBXFileReference; fileEncoding = 4; path = FlickrPlaceAnnotation.h; sourceTree = "<group>"; };
		51883FB214F2893400808786 /* FlickrPlaceAnnotation.m */ = {isa = PBXFileReference; fileEncoding = 4; lastKnownFileType = sourcecode.c.objc; path = FlickrPlaceAnnotation.m; sourceTree = "<group>"; };
		51C0A11314ED421800C8FB79 /* MapKit.framework */ = {isa = PBXFileReference; lastKnownFileType = wrapper.framework; name = MapKit.framework; path = System/Library/Frameworks/MapKit.framework; sourceTree = SDKROOT; };
		51C0A11514ED422600C8FB79 /* CoreLocation.framework */ = {isa = PBXFileReference; lastKnownFileType = wrapper.framework; name = CoreLocation.framework; path = System/Library/Frameworks/CoreLocation.framework; sourceTree = SDKROOT; };
		51C28D8F14E00DD000BF7B53 /* TopPlacesPhotoGenericTabBarController.h */ = {isa = PBXFileReference; fileEncoding = 4; lastKnownFileType = sourcecode.c.h; path = TopPlacesPhotoGenericTabBarController.h; sourceTree = "<group>"; };
		51C28D9014E00DD000BF7B53 /* TopPlacesPhotoGenericTabBarController.m */ = {isa = PBXFileReference; fileEncoding = 4; lastKnownFileType = sourcecode.c.objc; path = TopPlacesPhotoGenericTabBarController.m; sourceTree = "<group>"; };
		51E44DAE14D82DA700811C9F /* TopPlaces.app */ = {isa = PBXFileReference; explicitFileType = wrapper.application; includeInIndex = 0; path = TopPlaces.app; sourceTree = BUILT_PRODUCTS_DIR; };
		51E44DB214D82DA700811C9F /* UIKit.framework */ = {isa = PBXFileReference; lastKnownFileType = wrapper.framework; name = UIKit.framework; path = System/Library/Frameworks/UIKit.framework; sourceTree = SDKROOT; };
		51E44DB414D82DA700811C9F /* Foundation.framework */ = {isa = PBXFileReference; lastKnownFileType = wrapper.framework; name = Foundation.framework; path = System/Library/Frameworks/Foundation.framework; sourceTree = SDKROOT; };
		51E44DB614D82DA700811C9F /* CoreGraphics.framework */ = {isa = PBXFileReference; lastKnownFileType = wrapper.framework; name = CoreGraphics.framework; path = System/Library/Frameworks/CoreGraphics.framework; sourceTree = SDKROOT; };
		51E44DBA14D82DA700811C9F /* TopPlaces-Info.plist */ = {isa = PBXFileReference; lastKnownFileType = text.plist.xml; path = "TopPlaces-Info.plist"; sourceTree = "<group>"; };
		51E44DBC14D82DA700811C9F /* en */ = {isa = PBXFileReference; lastKnownFileType = text.plist.strings; name = en; path = en.lproj/InfoPlist.strings; sourceTree = "<group>"; };
		51E44DBE14D82DA700811C9F /* main.m */ = {isa = PBXFileReference; lastKnownFileType = sourcecode.c.objc; path = main.m; sourceTree = "<group>"; };
		51E44DC014D82DA700811C9F /* TopPlaces-Prefix.pch */ = {isa = PBXFileReference; lastKnownFileType = sourcecode.c.h; path = "TopPlaces-Prefix.pch"; sourceTree = "<group>"; };
		51E44DC114D82DA700811C9F /* TopPlacesAppDelegate.h */ = {isa = PBXFileReference; lastKnownFileType = sourcecode.c.h; path = TopPlacesAppDelegate.h; sourceTree = "<group>"; };
		51E44DC214D82DA700811C9F /* TopPlacesAppDelegate.m */ = {isa = PBXFileReference; lastKnownFileType = sourcecode.c.objc; path = TopPlacesAppDelegate.m; sourceTree = "<group>"; };
		51E44DC514D82DA700811C9F /* en */ = {isa = PBXFileReference; lastKnownFileType = file.storyboard; name = en; path = en.lproj/MainStoryboard_iPhone.storyboard; sourceTree = "<group>"; };
		51E44DC814D82DA700811C9F /* en */ = {isa = PBXFileReference; lastKnownFileType = file.storyboard; name = en; path = en.lproj/MainStoryboard_iPad.storyboard; sourceTree = "<group>"; };
		51E44DD214D82DD000811C9F /* FlickrAPIKey.h */ = {isa = PBXFileReference; fileEncoding = 4; lastKnownFileType = sourcecode.c.h; path = FlickrAPIKey.h; sourceTree = "<group>"; };
		51E44DD314D82DD000811C9F /* FlickrFetcher.h */ = {isa = PBXFileReference; fileEncoding = 4; lastKnownFileType = sourcecode.c.h; path = FlickrFetcher.h; sourceTree = "<group>"; };
		51E44DD414D82DD000811C9F /* FlickrFetcher.m */ = {isa = PBXFileReference; fileEncoding = 4; lastKnownFileType = sourcecode.c.objc; path = FlickrFetcher.m; sourceTree = "<group>"; };
		51FF3CFE14EA9DB200DDA98C /* TopPlacesPhotoCache.h */ = {isa = PBXFileReference; fileEncoding = 4; lastKnownFileType = sourcecode.c.h; path = TopPlacesPhotoCache.h; sourceTree = "<group>"; };
		51FF3CFF14EA9DB200DDA98C /* TopPlacesPhotoCache.m */ = {isa = PBXFileReference; fileEncoding = 4; lastKnownFileType = sourcecode.c.objc; path = TopPlacesPhotoCache.m; sourceTree = "<group>"; };
/* End PBXFileReference section */

/* Begin PBXFrameworksBuildPhase section */
		51E44DAB14D82DA700811C9F /* Frameworks */ = {
			isa = PBXFrameworksBuildPhase;
			buildActionMask = 2147483647;
			files = (
				51C0A11614ED422600C8FB79 /* CoreLocation.framework in Frameworks */,
				51C0A11414ED421800C8FB79 /* MapKit.framework in Frameworks */,
				51E44DB314D82DA700811C9F /* UIKit.framework in Frameworks */,
				51E44DB514D82DA700811C9F /* Foundation.framework in Frameworks */,
				51E44DB714D82DA700811C9F /* CoreGraphics.framework in Frameworks */,
			);
			runOnlyForDeploymentPostprocessing = 0;
		};
/* End PBXFrameworksBuildPhase section */

/* Begin PBXGroup section */
		51E44DA314D82DA700811C9F = {
			isa = PBXGroup;
			children = (
				51C0A11514ED422600C8FB79 /* CoreLocation.framework */,
				51C0A11314ED421800C8FB79 /* MapKit.framework */,
				51E44DB814D82DA700811C9F /* TopPlaces */,
				51E44DB114D82DA700811C9F /* Frameworks */,
				51E44DAF14D82DA700811C9F /* Products */,
			);
			sourceTree = "<group>";
		};
		51E44DAF14D82DA700811C9F /* Products */ = {
			isa = PBXGroup;
			children = (
				51E44DAE14D82DA700811C9F /* TopPlaces.app */,
			);
			name = Products;
			sourceTree = "<group>";
		};
		51E44DB114D82DA700811C9F /* Frameworks */ = {
			isa = PBXGroup;
			children = (
				51E44DB214D82DA700811C9F /* UIKit.framework */,
				51E44DB414D82DA700811C9F /* Foundation.framework */,
				51E44DB614D82DA700811C9F /* CoreGraphics.framework */,
			);
			name = Frameworks;
			sourceTree = "<group>";
		};
		51E44DB814D82DA700811C9F /* TopPlaces */ = {
			isa = PBXGroup;
			children = (
				51883FB114F2893400808786 /* FlickrPlaceAnnotation.h */,
				51883FB214F2893400808786 /* FlickrPlaceAnnotation.m */,
				510AB95314EE7B6200483932 /* FlickrPhotoAnnotation.h */,
				510AB95414EE7B6300483932 /* FlickrPhotoAnnotation.m */,
				510AB95014EE629B00483932 /* TopPlacesPhotoMapViewController.h */,
				510AB95114EE629B00483932 /* TopPlacesPhotoMapViewController.m */,
				51FF3CFE14EA9DB200DDA98C /* TopPlacesPhotoCache.h */,
				51FF3CFF14EA9DB200DDA98C /* TopPlacesPhotoCache.m */,
				512F5CBD14DC2BF900D8A5B4 /* SplitViewBarButtonItemPresenter.h */,
				512F5CA314DBD26E00D8A5B4 /* TopPlacesPhotoViewController.h */,
				512F5CA414DBD26E00D8A5B4 /* TopPlacesPhotoViewController.m */,
				51C28D8F14E00DD000BF7B53 /* TopPlacesPhotoGenericTabBarController.h */,
				51C28D9014E00DD000BF7B53 /* TopPlacesPhotoGenericTabBarController.m */,
				516EF07714DA843600C1B239 /* TopPlacesPlacesTableViewController.h */,
				516EF07814DA843600C1B239 /* TopPlacesPlacesTableViewController.m */,
				516EF08414DAC4E900C1B239 /* TopPlacesPhotosForPlaceTableViewController.h */,
				516EF08514DAC4E900C1B239 /* TopPlacesPhotosForPlaceTableViewController.m */,
				516EF07A14DAA3D800C1B239 /* TopPlacesPhotosTableViewController.h */,
				516EF07B14DAA3D800C1B239 /* TopPlacesPhotosTableViewController.m */,
				51E44DC414D82DA700811C9F /* MainStoryboard_iPhone.storyboard */,
				51E44DC714D82DA700811C9F /* MainStoryboard_iPad.storyboard */,
				51E44DD314D82DD000811C9F /* FlickrFetcher.h */,
				51E44DD414D82DD000811C9F /* FlickrFetcher.m */,
				51E44DB914D82DA700811C9F /* Supporting Files */,
			);
			path = TopPlaces;
			sourceTree = "<group>";
		};
		51E44DB914D82DA700811C9F /* Supporting Files */ = {
			isa = PBXGroup;
			children = (
				5142ED6B14E12E43003597B1 /* apollo17_earth.tiff */,
				516EF07D14DAA7EF00C1B239 /* 07-map-marker.png */,
				516EF07F14DAA80C00C1B239 /* 42-photos.png */,
				51E44DD214D82DD000811C9F /* FlickrAPIKey.h */,
				51E44DC114D82DA700811C9F /* TopPlacesAppDelegate.h */,
				51E44DC214D82DA700811C9F /* TopPlacesAppDelegate.m */,
				51E44DBA14D82DA700811C9F /* TopPlaces-Info.plist */,
				51E44DBB14D82DA700811C9F /* InfoPlist.strings */,
				51E44DBE14D82DA700811C9F /* main.m */,
				51E44DC014D82DA700811C9F /* TopPlaces-Prefix.pch */,
			);
			name = "Supporting Files";
			sourceTree = "<group>";
		};
/* End PBXGroup section */

/* Begin PBXNativeTarget section */
		51E44DAD14D82DA700811C9F /* TopPlaces */ = {
			isa = PBXNativeTarget;
			buildConfigurationList = 51E44DCF14D82DA700811C9F /* Build configuration list for PBXNativeTarget "TopPlaces" */;
			buildPhases = (
				51E44DAA14D82DA700811C9F /* Sources */,
				51E44DAB14D82DA700811C9F /* Frameworks */,
				51E44DAC14D82DA700811C9F /* Resources */,
			);
			buildRules = (
			);
			dependencies = (
			);
			name = TopPlaces;
			productName = TopPlaces;
			productReference = 51E44DAE14D82DA700811C9F /* TopPlaces.app */;
			productType = "com.apple.product-type.application";
		};
/* End PBXNativeTarget section */

/* Begin PBXProject section */
		51E44DA514D82DA700811C9F /* Project object */ = {
			isa = PBXProject;
			attributes = {
				LastUpgradeCheck = 0420;
				ORGANIZATIONNAME = "MicroContent Musings - Hovering Above";
			};
			buildConfigurationList = 51E44DA814D82DA700811C9F /* Build configuration list for PBXProject "TopPlaces" */;
			compatibilityVersion = "Xcode 3.2";
			developmentRegion = English;
			hasScannedForEncodings = 0;
			knownRegions = (
				en,
			);
			mainGroup = 51E44DA314D82DA700811C9F;
			productRefGroup = 51E44DAF14D82DA700811C9F /* Products */;
			projectDirPath = "";
			projectRoot = "";
			targets = (
				51E44DAD14D82DA700811C9F /* TopPlaces */,
			);
		};
/* End PBXProject section */

/* Begin PBXResourcesBuildPhase section */
		51E44DAC14D82DA700811C9F /* Resources */ = {
			isa = PBXResourcesBuildPhase;
			buildActionMask = 2147483647;
			files = (
				51E44DBD14D82DA700811C9F /* InfoPlist.strings in Resources */,
				51E44DC614D82DA700811C9F /* MainStoryboard_iPhone.storyboard in Resources */,
				51E44DC914D82DA700811C9F /* MainStoryboard_iPad.storyboard in Resources */,
				516EF07E14DAA7EF00C1B239 /* 07-map-marker.png in Resources */,
				516EF08014DAA80C00C1B239 /* 42-photos.png in Resources */,
				5142ED6C14E12E43003597B1 /* apollo17_earth.tiff in Resources */,
			);
			runOnlyForDeploymentPostprocessing = 0;
		};
/* End PBXResourcesBuildPhase section */

/* Begin PBXSourcesBuildPhase section */
		51E44DAA14D82DA700811C9F /* Sources */ = {
			isa = PBXSourcesBuildPhase;
			buildActionMask = 2147483647;
			files = (
				51E44DBF14D82DA700811C9F /* main.m in Sources */,
				51E44DC314D82DA700811C9F /* TopPlacesAppDelegate.m in Sources */,
				51E44DD514D82DD000811C9F /* FlickrFetcher.m in Sources */,
				516EF07914DA843600C1B239 /* TopPlacesPlacesTableViewController.m in Sources */,
				516EF07C14DAA3D800C1B239 /* TopPlacesPhotosTableViewController.m in Sources */,
				516EF08614DAC4E900C1B239 /* TopPlacesPhotosForPlaceTableViewController.m in Sources */,
				512F5CA514DBD26F00D8A5B4 /* TopPlacesPhotoViewController.m in Sources */,
				51C28D9114E00DD000BF7B53 /* TopPlacesPhotoGenericTabBarController.m in Sources */,
				51FF3D0014EA9DB200DDA98C /* TopPlacesPhotoCache.m in Sources */,
				510AB95214EE629B00483932 /* TopPlacesPhotoMapViewController.m in Sources */,
				510AB95514EE7B6300483932 /* FlickrPhotoAnnotation.m in Sources */,
				51883FB314F2893400808786 /* FlickrPlaceAnnotation.m in Sources */,
			);
			runOnlyForDeploymentPostprocessing = 0;
		};
/* End PBXSourcesBuildPhase section */

/* Begin PBXVariantGroup section */
		51E44DBB14D82DA700811C9F /* InfoPlist.strings */ = {
			isa = PBXVariantGroup;
			children = (
				51E44DBC14D82DA700811C9F /* en */,
			);
			name = InfoPlist.strings;
			sourceTree = "<group>";
		};
		51E44DC414D82DA700811C9F /* MainStoryboard_iPhone.storyboard */ = {
			isa = PBXVariantGroup;
			children = (
				51E44DC514D82DA700811C9F /* en */,
			);
			name = MainStoryboard_iPhone.storyboard;
			sourceTree = "<group>";
		};
		51E44DC714D82DA700811C9F /* MainStoryboard_iPad.storyboard */ = {
			isa = PBXVariantGroup;
			children = (
				51E44DC814D82DA700811C9F /* en */,
			);
			name = MainStoryboard_iPad.storyboard;
			sourceTree = "<group>";
		};
/* End PBXVariantGroup section */

/* Begin XCBuildConfiguration section */
		51E44DCD14D82DA700811C9F /* Debug */ = {
			isa = XCBuildConfiguration;
			buildSettings = {
				ALWAYS_SEARCH_USER_PATHS = NO;
				ARCHS = "$(ARCHS_STANDARD_32_BIT)";
				CLANG_ENABLE_OBJC_ARC = YES;
				"CODE_SIGN_IDENTITY[sdk=iphoneos*]" = "iPhone Developer";
				COPY_PHASE_STRIP = NO;
				GCC_C_LANGUAGE_STANDARD = gnu99;
				GCC_DYNAMIC_NO_PIC = NO;
				GCC_OPTIMIZATION_LEVEL = 0;
				GCC_PREPROCESSOR_DEFINITIONS = (
					"DEBUG=1",
					"$(inherited)",
				);
				GCC_SYMBOLS_PRIVATE_EXTERN = NO;
				GCC_VERSION = com.apple.compilers.llvm.clang.1_0;
				GCC_WARN_ABOUT_MISSING_PROTOTYPES = YES;
				GCC_WARN_ABOUT_RETURN_TYPE = YES;
				GCC_WARN_UNUSED_VARIABLE = YES;
				IPHONEOS_DEPLOYMENT_TARGET = 5.0;
				SDKROOT = iphoneos;
				TARGETED_DEVICE_FAMILY = "1,2";
			};
			name = Debug;
		};
		51E44DCE14D82DA700811C9F /* Release */ = {
			isa = XCBuildConfiguration;
			buildSettings = {
				ALWAYS_SEARCH_USER_PATHS = NO;
				ARCHS = "$(ARCHS_STANDARD_32_BIT)";
				CLANG_ENABLE_OBJC_ARC = YES;
				"CODE_SIGN_IDENTITY[sdk=iphoneos*]" = "iPhone Developer";
				COPY_PHASE_STRIP = YES;
				GCC_C_LANGUAGE_STANDARD = gnu99;
				GCC_VERSION = com.apple.compilers.llvm.clang.1_0;
				GCC_WARN_ABOUT_MISSING_PROTOTYPES = YES;
				GCC_WARN_ABOUT_RETURN_TYPE = YES;
				GCC_WARN_UNUSED_VARIABLE = YES;
				IPHONEOS_DEPLOYMENT_TARGET = 5.0;
				OTHER_CFLAGS = "-DNS_BLOCK_ASSERTIONS=1";
				SDKROOT = iphoneos;
				TARGETED_DEVICE_FAMILY = "1,2";
				VALIDATE_PRODUCT = YES;
			};
			name = Release;
		};
		51E44DD014D82DA700811C9F /* Debug */ = {
			isa = XCBuildConfiguration;
			buildSettings = {
				GCC_PRECOMPILE_PREFIX_HEADER = YES;
				GCC_PREFIX_HEADER = "TopPlaces/TopPlaces-Prefix.pch";
				INFOPLIST_FILE = "TopPlaces/TopPlaces-Info.plist";
				PRODUCT_NAME = "$(TARGET_NAME)";
				TARGETED_DEVICE_FAMILY = "1,2";
				WRAPPER_EXTENSION = app;
			};
			name = Debug;
		};
		51E44DD114D82DA700811C9F /* Release */ = {
			isa = XCBuildConfiguration;
			buildSettings = {
				GCC_PRECOMPILE_PREFIX_HEADER = YES;
				GCC_PREFIX_HEADER = "TopPlaces/TopPlaces-Prefix.pch";
				INFOPLIST_FILE = "TopPlaces/TopPlaces-Info.plist";
				PRODUCT_NAME = "$(TARGET_NAME)";
				TARGETED_DEVICE_FAMILY = "1,2";
				WRAPPER_EXTENSION = app;
			};
			name = Release;
		};
/* End XCBuildConfiguration section */

/* Begin XCConfigurationList section */
		51E44DA814D82DA700811C9F /* Build configuration list for PBXProject "TopPlaces" */ = {
			isa = XCConfigurationList;
			buildConfigurations = (
				51E44DCD14D82DA700811C9F /* Debug */,
				51E44DCE14D82DA700811C9F /* Release */,
			);
			defaultConfigurationIsVisible = 0;
			defaultConfigurationName = Release;
		};
		51E44DCF14D82DA700811C9F /* Build configuration list for PBXNativeTarget "TopPlaces" */ = {
			isa = XCConfigurationList;
			buildConfigurations = (
				51E44DD014D82DA700811C9F /* Debug */,
				51E44DD114D82DA700811C9F /* Release */,
			);
			defaultConfigurationIsVisible = 0;
			defaultConfigurationName = Release;
		};
/* End XCConfigurationList section */
	};
	rootObject = 51E44DA514D82DA700811C9F /* Project object */;
}
